<?xml version="1.0" encoding="utf-8"?>
<Project ToolsVersion="4.0" xmlns="http://schemas.microsoft.com/developer/msbuild/2003">
  <ItemGroup>
    <Filter Include="include">
      <UniqueIdentifier>{abfcc66f-9280-499a-a325-20f22a2c6467}</UniqueIdentifier>
    </Filter>
    <Filter Include="src">
      <UniqueIdentifier>{de891483-9cd1-42f3-8f6c-996f53526b9f}</UniqueIdentifier>
    </Filter>
    <Filter Include="include\smallPhyzc">
      <UniqueIdentifier>{789e669c-1fec-41d8-ab2c-301acf60da47}</UniqueIdentifier>
    </Filter>
  </ItemGroup>
  <ItemGroup>
    <ClInclude Include="spMaths.h">
      <Filter>include\smallPhyzc</Filter>
    </ClInclude>
    <ClInclude Include="precision.h">
      <Filter>include\smallPhyzc</Filter>
    </ClInclude>
    <ClInclude Include="particle.h">
      <Filter>include\smallPhyzc</Filter>
    </ClInclude>
    <ClInclude Include="particleForceGen.h">
      <Filter>include\smallPhyzc</Filter>
    </ClInclude>
  </ItemGroup>
  <ItemGroup>
    <ClCompile Include="particleForceGen.cpp">
      <Filter>src</Filter>
    </ClCompile>
    <ClCompile Include="particle.cpp">
      <Filter>src</Filter>
    </ClCompile>
  </ItemGroup>
</Project>